
Microsoft Visual Studio Solution File, Format Version 12.00
# Visual Studio 15
Project("{FAE04EC0-301F-11D3-BF4B-00C04F79EFBC}") = "Assembly-CSharp-firstpass", "Assembly-CSharp-firstpass.csproj", "{E8643771-A941-921F-55C3-38DA18C1D98C}"
EndProject
Project("{FAE04EC0-301F-11D3-BF4B-00C04F79EFBC}") = "Assembly-CSharp", "Assembly-CSharp.csproj", "{DCD8AED9-BA6D-547B-BFF5-9A502D299B58}"
EndProject
Project("{FAE04EC0-301F-11D3-BF4B-00C04F79EFBC}") = "Assembly-CSharp-Editor", "Assembly-CSharp-Editor.csproj", "{A2D0624D-2D16-E9BF-3F98-DB0F1A7A3EEE}"
EndProject
Global
	GlobalSection(SolutionConfigurationPlatforms) = preSolution
		Debug|Any CPU = Debug|Any CPU
		Release|Any CPU = Release|Any CPU
	EndGlobalSection
	GlobalSection(ProjectConfigurationPlatforms) = postSolution
		{E8643771-A941-921F-55C3-38DA18C1D98C}.Debug|Any CPU.ActiveCfg = Debug|Any CPU
		{E8643771-A941-921F-55C3-38DA18C1D98C}.Debug|Any CPU.Build.0 = Debug|Any CPU
		{E8643771-A941-921F-55C3-38DA18C1D98C}.Release|Any CPU.ActiveCfg = Release|Any CPU
		{E8643771-A941-921F-55C3-38DA18C1D98C}.Release|Any CPU.Build.0 = Release|Any CPU
		{DCD8AED9-BA6D-547B-BFF5-9A502D299B58}.Debug|Any CPU.ActiveCfg = Debug|Any CPU
		{DCD8AED9-BA6D-547B-BFF5-9A502D299B58}.Debug|Any CPU.Build.0 = Debug|Any CPU
		{DCD8AED9-BA6D-547B-BFF5-9A502D299B58}.Release|Any CPU.ActiveCfg = Release|Any CPU
		{DCD8AED9-BA6D-547B-BFF5-9A502D299B58}.Release|Any CPU.Build.0 = Release|Any CPU
		{A2D0624D-2D16-E9BF-3F98-DB0F1A7A3EEE}.Debug|Any CPU.ActiveCfg = Debug|Any CPU
		{A2D0624D-2D16-E9BF-3F98-DB0F1A7A3EEE}.Debug|Any CPU.Build.0 = Debug|Any CPU
		{A2D0624D-2D16-E9BF-3F98-DB0F1A7A3EEE}.Release|Any CPU.ActiveCfg = Release|Any CPU
		{A2D0624D-2D16-E9BF-3F98-DB0F1A7A3EEE}.Release|Any CPU.Build.0 = Release|Any CPU
	EndGlobalSection
	GlobalSection(SolutionProperties) = preSolution
		HideSolutionNode = FALSE
	EndGlobalSection
EndGlobal
